
Microsoft Visual Studio Solution File, Format Version 12.00
# Visual Studio Version 17
VisualStudioVersion = 17.1.32210.238
MinimumVisualStudioVersion = 10.0.40219.1
Project("{FAE04EC0-301F-11D3-BF4B-00C04F79EFBC}") = "EmployeePayroll", "EmployeePayroll\EmployeePayroll.csproj", "{49822E56-9AEB-4BDC-9917-5ECF77076645}"
EndProject
Global
	GlobalSection(SolutionConfigurationPlatforms) = preSolution
		Debug|Any CPU = Debug|Any CPU
		Release|Any CPU = Release|Any CPU
	EndGlobalSection
	GlobalSection(ProjectConfigurationPlatforms) = postSolution
		{49822E56-9AEB-4BDC-9917-5ECF77076645}.Debug|Any CPU.ActiveCfg = Debug|Any CPU
		{49822E56-9AEB-4BDC-9917-5ECF77076645}.Debug|Any CPU.Build.0 = Debug|Any CPU
		{49822E56-9AEB-4BDC-9917-5ECF77076645}.Release|Any CPU.ActiveCfg = Release|Any CPU
		{49822E56-9AEB-4BDC-9917-5ECF77076645}.Release|Any CPU.Build.0 = Release|Any CPU
	EndGlobalSection
	GlobalSection(SolutionProperties) = preSolution
		HideSolutionNode = FALSE
	EndGlobalSection
	GlobalSection(ExtensibilityGlobals) = postSolution
		SolutionGuid = {F90B1B51-5508-4A1C-9519-F5A9B8DE107E}
	EndGlobalSection
EndGlobal
